// !$*UTF8*$!
{
	archiveVersion = 1;
	classes = {
	};
	objectVersion = 55;
	objects = {

/* Begin PBXBuildFile section */
		0F2BD4762A4B6DE70073EE40 /* StepsOneItemToAnother.swift in Sources */ = {isa = PBXBuildFile; fileRef = 0F2BD4752A4B6DE70073EE40 /* StepsOneItemToAnother.swift */; };
		0F9FDBFC2A538F5D004D659A /* Fibonacci.swift in Sources */ = {isa = PBXBuildFile; fileRef = 0F9FDBFB2A538F5D004D659A /* Fibonacci.swift */; };
		0F9FDC012A56F8D9004D659A /* UniqueCharsTest.swift in Sources */ = {isa = PBXBuildFile; fileRef = 0F9FDC002A56F8D9004D659A /* UniqueCharsTest.swift */; };
		0F9FDC032A570162004D659A /* Permutation.swift in Sources */ = {isa = PBXBuildFile; fileRef = 0F9FDC022A570162004D659A /* Permutation.swift */; };
		0F9FDC052A57061D004D659A /* PermutationTest.swift in Sources */ = {isa = PBXBuildFile; fileRef = 0F9FDC042A57061D004D659A /* PermutationTest.swift */; };
		0F9FDC072A5737C5004D659A /* URLify.swift in Sources */ = {isa = PBXBuildFile; fileRef = 0F9FDC062A5737C5004D659A /* URLify.swift */; };
		0F9FDC092A573971004D659A /* URLifyTests.swift in Sources */ = {isa = PBXBuildFile; fileRef = 0F9FDC082A573971004D659A /* URLifyTests.swift */; };
		0F9FDC0B2A575729004D659A /* StringEdits.swift in Sources */ = {isa = PBXBuildFile; fileRef = 0F9FDC0A2A575729004D659A /* StringEdits.swift */; };
		0F9FDC0D2A575829004D659A /* StringEditsTests.swift in Sources */ = {isa = PBXBuildFile; fileRef = 0F9FDC0C2A575829004D659A /* StringEditsTests.swift */; };
		0FE1DDF12A53681B009E59BA /* MaximumSumSubarray.swift in Sources */ = {isa = PBXBuildFile; fileRef = 0FE1DDF02A53681B009E59BA /* MaximumSumSubarray.swift */; };
		0FE1DE092A536E3A009E59BA /* MaximumSumSubArrayTests.swift in Sources */ = {isa = PBXBuildFile; fileRef = 0FE1DE062A536DBF009E59BA /* MaximumSumSubArrayTests.swift */; };
		957185BF2850E0120061644C /* AppDelegate.swift in Sources */ = {isa = PBXBuildFile; fileRef = 957185BE2850E0120061644C /* AppDelegate.swift */; };
		957185C12850E0120061644C /* SceneDelegate.swift in Sources */ = {isa = PBXBuildFile; fileRef = 957185C02850E0120061644C /* SceneDelegate.swift */; };
		957185C32850E0120061644C /* ViewController.swift in Sources */ = {isa = PBXBuildFile; fileRef = 957185C22850E0120061644C /* ViewController.swift */; };
		957185C62850E0120061644C /* Main.storyboard in Resources */ = {isa = PBXBuildFile; fileRef = 957185C42850E0120061644C /* Main.storyboard */; };
		957185C82850E0170061644C /* Assets.xcassets in Resources */ = {isa = PBXBuildFile; fileRef = 957185C72850E0170061644C /* Assets.xcassets */; };
		957185CB2850E0170061644C /* LaunchScreen.storyboard in Resources */ = {isa = PBXBuildFile; fileRef = 957185C92850E0170061644C /* LaunchScreen.storyboard */; };
		957185D42850E0460061644C /* UniqueChars.swift in Sources */ = {isa = PBXBuildFile; fileRef = 957185D32850E0460061644C /* UniqueChars.swift */; };
		957185D62850E2680061644C /* Palindrome.swift in Sources */ = {isa = PBXBuildFile; fileRef = 957185D52850E2680061644C /* Palindrome.swift */; };
		957185D82850E3D10061644C /* StringContainSameChar.swift in Sources */ = {isa = PBXBuildFile; fileRef = 957185D72850E3D10061644C /* StringContainSameChar.swift */; };
		957185DA2850EA960061644C /* StringContainAnother.swift in Sources */ = {isa = PBXBuildFile; fileRef = 957185D92850EA960061644C /* StringContainAnother.swift */; };
		957185DC2850EF090061644C /* StringCountCharOccurrence.swift in Sources */ = {isa = PBXBuildFile; fileRef = 957185DB2850EF090061644C /* StringCountCharOccurrence.swift */; };
		95A5D4CC2891C4A5006F0809 /* EvenOddArray.swift in Sources */ = {isa = PBXBuildFile; fileRef = 95A5D4CB2891C4A5006F0809 /* EvenOddArray.swift */; };
		95EB357628B5918A0078695A /* ArrayRotation.swift in Sources */ = {isa = PBXBuildFile; fileRef = 95EB357528B5918A0078695A /* ArrayRotation.swift */; };
		95EB357828B8328E0078695A /* DashPhoneNumber.swift in Sources */ = {isa = PBXBuildFile; fileRef = 95EB357728B8328D0078695A /* DashPhoneNumber.swift */; };
		95F12DE328AD29AD0066010A /* CountChars.swift in Sources */ = {isa = PBXBuildFile; fileRef = 95F12DE228AD29AD0066010A /* CountChars.swift */; };
		95F12DE528AD34300066010A /* RemoveDuplicateFromString.swift in Sources */ = {isa = PBXBuildFile; fileRef = 95F12DE428AD34300066010A /* RemoveDuplicateFromString.swift */; };
		95F12DE728B019540066010A /* HighestValueInMatrix.swift in Sources */ = {isa = PBXBuildFile; fileRef = 95F12DE628B019540066010A /* HighestValueInMatrix.swift */; };
/* End PBXBuildFile section */

/* Begin PBXContainerItemProxy section */
		0FE1DDFD2A536C1D009E59BA /* PBXContainerItemProxy */ = {
			isa = PBXContainerItemProxy;
			containerPortal = 957185B32850E0120061644C /* Project object */;
			proxyType = 1;
			remoteGlobalIDString = 957185BA2850E0120061644C;
			remoteInfo = Algorithms;
		};
/* End PBXContainerItemProxy section */

/* Begin PBXFileReference section */
		0F2BD4752A4B6DE70073EE40 /* StepsOneItemToAnother.swift */ = {isa = PBXFileReference; lastKnownFileType = sourcecode.swift; path = StepsOneItemToAnother.swift; sourceTree = "<group>"; };
		0F9FDBFB2A538F5D004D659A /* Fibonacci.swift */ = {isa = PBXFileReference; lastKnownFileType = sourcecode.swift; path = Fibonacci.swift; sourceTree = "<group>"; };
		0F9FDC002A56F8D9004D659A /* UniqueCharsTest.swift */ = {isa = PBXFileReference; lastKnownFileType = sourcecode.swift; path = UniqueCharsTest.swift; sourceTree = "<group>"; };
		0F9FDC022A570162004D659A /* Permutation.swift */ = {isa = PBXFileReference; lastKnownFileType = sourcecode.swift; path = Permutation.swift; sourceTree = "<group>"; };
		0F9FDC042A57061D004D659A /* PermutationTest.swift */ = {isa = PBXFileReference; lastKnownFileType = sourcecode.swift; path = PermutationTest.swift; sourceTree = "<group>"; };
		0F9FDC062A5737C5004D659A /* URLify.swift */ = {isa = PBXFileReference; lastKnownFileType = sourcecode.swift; path = URLify.swift; sourceTree = "<group>"; };
		0F9FDC082A573971004D659A /* URLifyTests.swift */ = {isa = PBXFileReference; lastKnownFileType = sourcecode.swift; path = URLifyTests.swift; sourceTree = "<group>"; };
		0F9FDC0A2A575729004D659A /* StringEdits.swift */ = {isa = PBXFileReference; lastKnownFileType = sourcecode.swift; path = StringEdits.swift; sourceTree = "<group>"; };
		0F9FDC0C2A575829004D659A /* StringEditsTests.swift */ = {isa = PBXFileReference; lastKnownFileType = sourcecode.swift; path = StringEditsTests.swift; sourceTree = "<group>"; };
		0FE1DDF02A53681B009E59BA /* MaximumSumSubarray.swift */ = {isa = PBXFileReference; lastKnownFileType = sourcecode.swift; path = MaximumSumSubarray.swift; sourceTree = "<group>"; };
		0FE1DDF92A536C1D009E59BA /* AlgorithmsTests.xctest */ = {isa = PBXFileReference; explicitFileType = wrapper.cfbundle; includeInIndex = 0; path = AlgorithmsTests.xctest; sourceTree = BUILT_PRODUCTS_DIR; };
		0FE1DE062A536DBF009E59BA /* MaximumSumSubArrayTests.swift */ = {isa = PBXFileReference; lastKnownFileType = sourcecode.swift; path = MaximumSumSubArrayTests.swift; sourceTree = "<group>"; };
		957185BB2850E0120061644C /* Algorithms.app */ = {isa = PBXFileReference; explicitFileType = wrapper.application; includeInIndex = 0; path = Algorithms.app; sourceTree = BUILT_PRODUCTS_DIR; };
		957185BE2850E0120061644C /* AppDelegate.swift */ = {isa = PBXFileReference; lastKnownFileType = sourcecode.swift; path = AppDelegate.swift; sourceTree = "<group>"; };
		957185C02850E0120061644C /* SceneDelegate.swift */ = {isa = PBXFileReference; lastKnownFileType = sourcecode.swift; path = SceneDelegate.swift; sourceTree = "<group>"; };
		957185C22850E0120061644C /* ViewController.swift */ = {isa = PBXFileReference; lastKnownFileType = sourcecode.swift; path = ViewController.swift; sourceTree = "<group>"; };
		957185C52850E0120061644C /* Base */ = {isa = PBXFileReference; lastKnownFileType = file.storyboard; name = Base; path = Base.lproj/Main.storyboard; sourceTree = "<group>"; };
		957185C72850E0170061644C /* Assets.xcassets */ = {isa = PBXFileReference; lastKnownFileType = folder.assetcatalog; path = Assets.xcassets; sourceTree = "<group>"; };
		957185CA2850E0170061644C /* Base */ = {isa = PBXFileReference; lastKnownFileType = file.storyboard; name = Base; path = Base.lproj/LaunchScreen.storyboard; sourceTree = "<group>"; };
		957185CC2850E0170061644C /* Info.plist */ = {isa = PBXFileReference; lastKnownFileType = text.plist.xml; path = Info.plist; sourceTree = "<group>"; };
		957185D32850E0460061644C /* UniqueChars.swift */ = {isa = PBXFileReference; lastKnownFileType = sourcecode.swift; path = UniqueChars.swift; sourceTree = "<group>"; };
		957185D52850E2680061644C /* Palindrome.swift */ = {isa = PBXFileReference; lastKnownFileType = sourcecode.swift; path = Palindrome.swift; sourceTree = "<group>"; };
		957185D72850E3D10061644C /* StringContainSameChar.swift */ = {isa = PBXFileReference; lastKnownFileType = sourcecode.swift; path = StringContainSameChar.swift; sourceTree = "<group>"; };
		957185D92850EA960061644C /* StringContainAnother.swift */ = {isa = PBXFileReference; lastKnownFileType = sourcecode.swift; path = StringContainAnother.swift; sourceTree = "<group>"; };
		957185DB2850EF090061644C /* StringCountCharOccurrence.swift */ = {isa = PBXFileReference; lastKnownFileType = sourcecode.swift; path = StringCountCharOccurrence.swift; sourceTree = "<group>"; };
		95A5D4CB2891C4A5006F0809 /* EvenOddArray.swift */ = {isa = PBXFileReference; lastKnownFileType = sourcecode.swift; path = EvenOddArray.swift; sourceTree = "<group>"; };
		95EB357528B5918A0078695A /* ArrayRotation.swift */ = {isa = PBXFileReference; lastKnownFileType = sourcecode.swift; path = ArrayRotation.swift; sourceTree = "<group>"; };
		95EB357728B8328D0078695A /* DashPhoneNumber.swift */ = {isa = PBXFileReference; lastKnownFileType = sourcecode.swift; path = DashPhoneNumber.swift; sourceTree = "<group>"; };
		95F12DE228AD29AD0066010A /* CountChars.swift */ = {isa = PBXFileReference; lastKnownFileType = sourcecode.swift; path = CountChars.swift; sourceTree = "<group>"; };
		95F12DE428AD34300066010A /* RemoveDuplicateFromString.swift */ = {isa = PBXFileReference; lastKnownFileType = sourcecode.swift; path = RemoveDuplicateFromString.swift; sourceTree = "<group>"; };
		95F12DE628B019540066010A /* HighestValueInMatrix.swift */ = {isa = PBXFileReference; lastKnownFileType = sourcecode.swift; path = HighestValueInMatrix.swift; sourceTree = "<group>"; };
/* End PBXFileReference section */

/* Begin PBXFrameworksBuildPhase section */
		0FE1DDF62A536C1D009E59BA /* Frameworks */ = {
			isa = PBXFrameworksBuildPhase;
			buildActionMask = 2147483647;
			files = (
			);
			runOnlyForDeploymentPostprocessing = 0;
		};
		957185B82850E0120061644C /* Frameworks */ = {
			isa = PBXFrameworksBuildPhase;
			buildActionMask = 2147483647;
			files = (
			);
			runOnlyForDeploymentPostprocessing = 0;
		};
/* End PBXFrameworksBuildPhase section */

/* Begin PBXGroup section */
		0F9FDBFF2A56F2D6004D659A /* SwiftExpertise */ = {
			isa = PBXGroup;
			children = (
				0F9FDBFB2A538F5D004D659A /* Fibonacci.swift */,
			);
			path = SwiftExpertise;
			sourceTree = "<group>";
		};
		0FE1DDFA2A536C1D009E59BA /* AlgorithmsTests */ = {
			isa = PBXGroup;
			children = (
				0FE1DE062A536DBF009E59BA /* MaximumSumSubArrayTests.swift */,
				0F9FDC042A57061D004D659A /* PermutationTest.swift */,
				0F9FDC002A56F8D9004D659A /* UniqueCharsTest.swift */,
				0F9FDC082A573971004D659A /* URLifyTests.swift */,
				0F9FDC0C2A575829004D659A /* StringEditsTests.swift */,
			);
			path = AlgorithmsTests;
			sourceTree = "<group>";
		};
		957185B22850E0120061644C = {
			isa = PBXGroup;
			children = (
				957185BD2850E0120061644C /* Algorithms */,
				0FE1DDFA2A536C1D009E59BA /* AlgorithmsTests */,
				957185BC2850E0120061644C /* Products */,
			);
			sourceTree = "<group>";
		};
		957185BC2850E0120061644C /* Products */ = {
			isa = PBXGroup;
			children = (
				957185BB2850E0120061644C /* Algorithms.app */,
				0FE1DDF92A536C1D009E59BA /* AlgorithmsTests.xctest */,
			);
			name = Products;
			sourceTree = "<group>";
		};
		957185BD2850E0120061644C /* Algorithms */ = {
			isa = PBXGroup;
			children = (
				0F9FDBFF2A56F2D6004D659A /* SwiftExpertise */,
				957185D22850E02D0061644C /* Classes */,
				957185BE2850E0120061644C /* AppDelegate.swift */,
				957185C02850E0120061644C /* SceneDelegate.swift */,
				957185C22850E0120061644C /* ViewController.swift */,
				957185C42850E0120061644C /* Main.storyboard */,
				957185C72850E0170061644C /* Assets.xcassets */,
				957185C92850E0170061644C /* LaunchScreen.storyboard */,
				957185CC2850E0170061644C /* Info.plist */,
			);
			path = Algorithms;
			sourceTree = "<group>";
		};
		957185D22850E02D0061644C /* Classes */ = {
			isa = PBXGroup;
			children = (
				95EB357528B5918A0078695A /* ArrayRotation.swift */,
				95F12DE228AD29AD0066010A /* CountChars.swift */,
				95EB357728B8328D0078695A /* DashPhoneNumber.swift */,
				95A5D4CB2891C4A5006F0809 /* EvenOddArray.swift */,
				95F12DE628B019540066010A /* HighestValueInMatrix.swift */,
				0FE1DDF02A53681B009E59BA /* MaximumSumSubarray.swift */,
				957185D52850E2680061644C /* Palindrome.swift */,
				0F9FDC022A570162004D659A /* Permutation.swift */,
				95F12DE428AD34300066010A /* RemoveDuplicateFromString.swift */,
				0F2BD4752A4B6DE70073EE40 /* StepsOneItemToAnother.swift */,
				957185D92850EA960061644C /* StringContainAnother.swift */,
				957185D72850E3D10061644C /* StringContainSameChar.swift */,
				957185DB2850EF090061644C /* StringCountCharOccurrence.swift */,
				0F9FDC0A2A575729004D659A /* StringEdits.swift */,
				957185D32850E0460061644C /* UniqueChars.swift */,
				0F9FDC062A5737C5004D659A /* URLify.swift */,
			);
			path = Classes;
			sourceTree = "<group>";
		};
/* End PBXGroup section */

/* Begin PBXNativeTarget section */
		0FE1DDF82A536C1D009E59BA /* AlgorithmsTests */ = {
			isa = PBXNativeTarget;
			buildConfigurationList = 0FE1DDFF2A536C1D009E59BA /* Build configuration list for PBXNativeTarget "AlgorithmsTests" */;
			buildPhases = (
				0FE1DDF52A536C1D009E59BA /* Sources */,
				0FE1DDF62A536C1D009E59BA /* Frameworks */,
				0FE1DDF72A536C1D009E59BA /* Resources */,
			);
			buildRules = (
			);
			dependencies = (
				0FE1DDFE2A536C1D009E59BA /* PBXTargetDependency */,
			);
			name = AlgorithmsTests;
			productName = AlgorithmsTests;
			productReference = 0FE1DDF92A536C1D009E59BA /* AlgorithmsTests.xctest */;
			productType = "com.apple.product-type.bundle.unit-test";
		};
		957185BA2850E0120061644C /* Algorithms */ = {
			isa = PBXNativeTarget;
			buildConfigurationList = 957185CF2850E0170061644C /* Build configuration list for PBXNativeTarget "Algorithms" */;
			buildPhases = (
				957185B72850E0120061644C /* Sources */,
				957185B82850E0120061644C /* Frameworks */,
				957185B92850E0120061644C /* Resources */,
			);
			buildRules = (
			);
			dependencies = (
			);
			name = Algorithms;
			productName = Algorithms;
			productReference = 957185BB2850E0120061644C /* Algorithms.app */;
			productType = "com.apple.product-type.application";
		};
/* End PBXNativeTarget section */

/* Begin PBXProject section */
		957185B32850E0120061644C /* Project object */ = {
			isa = PBXProject;
			attributes = {
				BuildIndependentTargetsInParallel = 1;
				LastSwiftUpdateCheck = 1300;
				LastUpgradeCheck = 1340;
				TargetAttributes = {
					0FE1DDF82A536C1D009E59BA = {
						CreatedOnToolsVersion = 13.0;
						LastSwiftMigration = 1300;
						TestTargetID = 957185BA2850E0120061644C;
					};
					957185BA2850E0120061644C = {
						CreatedOnToolsVersion = 13.4;
					};
				};
			};
			buildConfigurationList = 957185B62850E0120061644C /* Build configuration list for PBXProject "Algorithms" */;
			compatibilityVersion = "Xcode 13.0";
			developmentRegion = en;
			hasScannedForEncodings = 0;
			knownRegions = (
				en,
				Base,
			);
			mainGroup = 957185B22850E0120061644C;
			productRefGroup = 957185BC2850E0120061644C /* Products */;
			projectDirPath = "";
			projectRoot = "";
			targets = (
				957185BA2850E0120061644C /* Algorithms */,
				0FE1DDF82A536C1D009E59BA /* AlgorithmsTests */,
			);
		};
/* End PBXProject section */

/* Begin PBXResourcesBuildPhase section */
		0FE1DDF72A536C1D009E59BA /* Resources */ = {
			isa = PBXResourcesBuildPhase;
			buildActionMask = 2147483647;
			files = (
			);
			runOnlyForDeploymentPostprocessing = 0;
		};
		957185B92850E0120061644C /* Resources */ = {
			isa = PBXResourcesBuildPhase;
			buildActionMask = 2147483647;
			files = (
				957185CB2850E0170061644C /* LaunchScreen.storyboard in Resources */,
				957185C82850E0170061644C /* Assets.xcassets in Resources */,
				957185C62850E0120061644C /* Main.storyboard in Resources */,
			);
			runOnlyForDeploymentPostprocessing = 0;
		};
/* End PBXResourcesBuildPhase section */

/* Begin PBXSourcesBuildPhase section */
		0FE1DDF52A536C1D009E59BA /* Sources */ = {
			isa = PBXSourcesBuildPhase;
			buildActionMask = 2147483647;
			files = (
				0F9FDC012A56F8D9004D659A /* UniqueCharsTest.swift in Sources */,
				0FE1DE092A536E3A009E59BA /* MaximumSumSubArrayTests.swift in Sources */,
				0F9FDC0D2A575829004D659A /* StringEditsTests.swift in Sources */,
				0F9FDC092A573971004D659A /* URLifyTests.swift in Sources */,
				0F9FDC052A57061D004D659A /* PermutationTest.swift in Sources */,
			);
			runOnlyForDeploymentPostprocessing = 0;
		};
		957185B72850E0120061644C /* Sources */ = {
			isa = PBXSourcesBuildPhase;
			buildActionMask = 2147483647;
			files = (
				95F12DE528AD34300066010A /* RemoveDuplicateFromString.swift in Sources */,
				957185D42850E0460061644C /* UniqueChars.swift in Sources */,
				0F9FDC032A570162004D659A /* Permutation.swift in Sources */,
				957185DC2850EF090061644C /* StringCountCharOccurrence.swift in Sources */,
				0F9FDC0B2A575729004D659A /* StringEdits.swift in Sources */,
				95EB357828B8328E0078695A /* DashPhoneNumber.swift in Sources */,
				957185D82850E3D10061644C /* StringContainSameChar.swift in Sources */,
				0F9FDBFC2A538F5D004D659A /* Fibonacci.swift in Sources */,
				957185D62850E2680061644C /* Palindrome.swift in Sources */,
				957185C32850E0120061644C /* ViewController.swift in Sources */,
				0F9FDC072A5737C5004D659A /* URLify.swift in Sources */,
				95A5D4CC2891C4A5006F0809 /* EvenOddArray.swift in Sources */,
				957185BF2850E0120061644C /* AppDelegate.swift in Sources */,
				95F12DE328AD29AD0066010A /* CountChars.swift in Sources */,
				957185DA2850EA960061644C /* StringContainAnother.swift in Sources */,
				95EB357628B5918A0078695A /* ArrayRotation.swift in Sources */,
				95F12DE728B019540066010A /* HighestValueInMatrix.swift in Sources */,
				0F2BD4762A4B6DE70073EE40 /* StepsOneItemToAnother.swift in Sources */,
				957185C12850E0120061644C /* SceneDelegate.swift in Sources */,
				0FE1DDF12A53681B009E59BA /* MaximumSumSubarray.swift in Sources */,
			);
			runOnlyForDeploymentPostprocessing = 0;
		};
/* End PBXSourcesBuildPhase section */

/* Begin PBXTargetDependency section */
		0FE1DDFE2A536C1D009E59BA /* PBXTargetDependency */ = {
			isa = PBXTargetDependency;
			target = 957185BA2850E0120061644C /* Algorithms */;
			targetProxy = 0FE1DDFD2A536C1D009E59BA /* PBXContainerItemProxy */;
		};
/* End PBXTargetDependency section */

/* Begin PBXVariantGroup section */
		957185C42850E0120061644C /* Main.storyboard */ = {
			isa = PBXVariantGroup;
			children = (
				957185C52850E0120061644C /* Base */,
			);
			name = Main.storyboard;
			sourceTree = "<group>";
		};
		957185C92850E0170061644C /* LaunchScreen.storyboard */ = {
			isa = PBXVariantGroup;
			children = (
				957185CA2850E0170061644C /* Base */,
			);
			name = LaunchScreen.storyboard;
			sourceTree = "<group>";
		};
/* End PBXVariantGroup section */

/* Begin XCBuildConfiguration section */
		0FE1DE002A536C1D009E59BA /* Debug */ = {
			isa = XCBuildConfiguration;
			buildSettings = {
				BUNDLE_LOADER = "$(TEST_HOST)";
				CLANG_CXX_LIBRARY = "libc++";
				CLANG_ENABLE_MODULES = YES;
				CODE_SIGN_STYLE = Automatic;
				CURRENT_PROJECT_VERSION = 1;
				GENERATE_INFOPLIST_FILE = YES;
				IPHONEOS_DEPLOYMENT_TARGET = 15.0;
				LD_RUNPATH_SEARCH_PATHS = (
					"$(inherited)",
					"@executable_path/Frameworks",
					"@loader_path/Frameworks",
				);
				MARKETING_VERSION = 1.0;
				PRODUCT_BUNDLE_IDENTIFIER = com.jeannchuab.AlgorithmsTests;
				PRODUCT_NAME = "$(TARGET_NAME)";
				SWIFT_EMIT_LOC_STRINGS = NO;
				SWIFT_OPTIMIZATION_LEVEL = "-Onone";
				SWIFT_VERSION = 5.0;
				TARGETED_DEVICE_FAMILY = "1,2";
				TEST_HOST = "$(BUILT_PRODUCTS_DIR)/Algorithms.app/Algorithms";
			};
			name = Debug;
		};
		0FE1DE012A536C1D009E59BA /* Release */ = {
			isa = XCBuildConfiguration;
			buildSettings = {
				BUNDLE_LOADER = "$(TEST_HOST)";
				CLANG_CXX_LIBRARY = "libc++";
				CLANG_ENABLE_MODULES = YES;
				CODE_SIGN_STYLE = Automatic;
				CURRENT_PROJECT_VERSION = 1;
				GENERATE_INFOPLIST_FILE = YES;
				IPHONEOS_DEPLOYMENT_TARGET = 15.0;
				LD_RUNPATH_SEARCH_PATHS = (
					"$(inherited)",
					"@executable_path/Frameworks",
					"@loader_path/Frameworks",
				);
				MARKETING_VERSION = 1.0;
				PRODUCT_BUNDLE_IDENTIFIER = com.jeannchuab.AlgorithmsTests;
				PRODUCT_NAME = "$(TARGET_NAME)";
				SWIFT_EMIT_LOC_STRINGS = NO;
				SWIFT_VERSION = 5.0;
				TARGETED_DEVICE_FAMILY = "1,2";
				TEST_HOST = "$(BUILT_PRODUCTS_DIR)/Algorithms.app/Algorithms";
			};
			name = Release;
		};
		957185CD2850E0170061644C /* Debug */ = {
			isa = XCBuildConfiguration;
			buildSettings = {
				ALWAYS_SEARCH_USER_PATHS = NO;
				CLANG_ANALYZER_NONNULL = YES;
				CLANG_ANALYZER_NUMBER_OBJECT_CONVERSION = YES_AGGRESSIVE;
				CLANG_CXX_LANGUAGE_STANDARD = "gnu++17";
				CLANG_ENABLE_MODULES = YES;
				CLANG_ENABLE_OBJC_ARC = YES;
				CLANG_ENABLE_OBJC_WEAK = YES;
				CLANG_WARN_BLOCK_CAPTURE_AUTORELEASING = YES;
				CLANG_WARN_BOOL_CONVERSION = YES;
				CLANG_WARN_COMMA = YES;
				CLANG_WARN_CONSTANT_CONVERSION = YES;
				CLANG_WARN_DEPRECATED_OBJC_IMPLEMENTATIONS = YES;
				CLANG_WARN_DIRECT_OBJC_ISA_USAGE = YES_ERROR;
				CLANG_WARN_DOCUMENTATION_COMMENTS = YES;
				CLANG_WARN_EMPTY_BODY = YES;
				CLANG_WARN_ENUM_CONVERSION = YES;
				CLANG_WARN_INFINITE_RECURSION = YES;
				CLANG_WARN_INT_CONVERSION = YES;
				CLANG_WARN_NON_LITERAL_NULL_CONVERSION = YES;
				CLANG_WARN_OBJC_IMPLICIT_RETAIN_SELF = YES;
				CLANG_WARN_OBJC_LITERAL_CONVERSION = YES;
				CLANG_WARN_OBJC_ROOT_CLASS = YES_ERROR;
				CLANG_WARN_QUOTED_INCLUDE_IN_FRAMEWORK_HEADER = YES;
				CLANG_WARN_RANGE_LOOP_ANALYSIS = YES;
				CLANG_WARN_STRICT_PROTOTYPES = YES;
				CLANG_WARN_SUSPICIOUS_MOVE = YES;
				CLANG_WARN_UNGUARDED_AVAILABILITY = YES_AGGRESSIVE;
				CLANG_WARN_UNREACHABLE_CODE = YES;
				CLANG_WARN__DUPLICATE_METHOD_MATCH = YES;
				COPY_PHASE_STRIP = NO;
				DEBUG_INFORMATION_FORMAT = dwarf;
				ENABLE_STRICT_OBJC_MSGSEND = YES;
				ENABLE_TESTABILITY = YES;
				GCC_C_LANGUAGE_STANDARD = gnu11;
				GCC_DYNAMIC_NO_PIC = NO;
				GCC_NO_COMMON_BLOCKS = YES;
				GCC_OPTIMIZATION_LEVEL = 0;
				GCC_PREPROCESSOR_DEFINITIONS = (
					"DEBUG=1",
					"$(inherited)",
				);
				GCC_WARN_64_TO_32_BIT_CONVERSION = YES;
				GCC_WARN_ABOUT_RETURN_TYPE = YES_ERROR;
				GCC_WARN_UNDECLARED_SELECTOR = YES;
				GCC_WARN_UNINITIALIZED_AUTOS = YES_AGGRESSIVE;
				GCC_WARN_UNUSED_FUNCTION = YES;
				GCC_WARN_UNUSED_VARIABLE = YES;
				IPHONEOS_DEPLOYMENT_TARGET = 15.5;
				MTL_ENABLE_DEBUG_INFO = INCLUDE_SOURCE;
				MTL_FAST_MATH = YES;
				ONLY_ACTIVE_ARCH = YES;
				SDKROOT = iphoneos;
				SWIFT_ACTIVE_COMPILATION_CONDITIONS = DEBUG;
				SWIFT_OPTIMIZATION_LEVEL = "-Onone";
			};
			name = Debug;
		};
		957185CE2850E0170061644C /* Release */ = {
			isa = XCBuildConfiguration;
			buildSettings = {
				ALWAYS_SEARCH_USER_PATHS = NO;
				CLANG_ANALYZER_NONNULL = YES;
				CLANG_ANALYZER_NUMBER_OBJECT_CONVERSION = YES_AGGRESSIVE;
				CLANG_CXX_LANGUAGE_STANDARD = "gnu++17";
				CLANG_ENABLE_MODULES = YES;
				CLANG_ENABLE_OBJC_ARC = YES;
				CLANG_ENABLE_OBJC_WEAK = YES;
				CLANG_WARN_BLOCK_CAPTURE_AUTORELEASING = YES;
				CLANG_WARN_BOOL_CONVERSION = YES;
				CLANG_WARN_COMMA = YES;
				CLANG_WARN_CONSTANT_CONVERSION = YES;
				CLANG_WARN_DEPRECATED_OBJC_IMPLEMENTATIONS = YES;
				CLANG_WARN_DIRECT_OBJC_ISA_USAGE = YES_ERROR;
				CLANG_WARN_DOCUMENTATION_COMMENTS = YES;
				CLANG_WARN_EMPTY_BODY = YES;
				CLANG_WARN_ENUM_CONVERSION = YES;
				CLANG_WARN_INFINITE_RECURSION = YES;
				CLANG_WARN_INT_CONVERSION = YES;
				CLANG_WARN_NON_LITERAL_NULL_CONVERSION = YES;
				CLANG_WARN_OBJC_IMPLICIT_RETAIN_SELF = YES;
				CLANG_WARN_OBJC_LITERAL_CONVERSION = YES;
				CLANG_WARN_OBJC_ROOT_CLASS = YES_ERROR;
				CLANG_WARN_QUOTED_INCLUDE_IN_FRAMEWORK_HEADER = YES;
				CLANG_WARN_RANGE_LOOP_ANALYSIS = YES;
				CLANG_WARN_STRICT_PROTOTYPES = YES;
				CLANG_WARN_SUSPICIOUS_MOVE = YES;
				CLANG_WARN_UNGUARDED_AVAILABILITY = YES_AGGRESSIVE;
				CLANG_WARN_UNREACHABLE_CODE = YES;
				CLANG_WARN__DUPLICATE_METHOD_MATCH = YES;
				COPY_PHASE_STRIP = NO;
				DEBUG_INFORMATION_FORMAT = "dwarf-with-dsym";
				ENABLE_NS_ASSERTIONS = NO;
				ENABLE_STRICT_OBJC_MSGSEND = YES;
				GCC_C_LANGUAGE_STANDARD = gnu11;
				GCC_NO_COMMON_BLOCKS = YES;
				GCC_WARN_64_TO_32_BIT_CONVERSION = YES;
				GCC_WARN_ABOUT_RETURN_TYPE = YES_ERROR;
				GCC_WARN_UNDECLARED_SELECTOR = YES;
				GCC_WARN_UNINITIALIZED_AUTOS = YES_AGGRESSIVE;
				GCC_WARN_UNUSED_FUNCTION = YES;
				GCC_WARN_UNUSED_VARIABLE = YES;
				IPHONEOS_DEPLOYMENT_TARGET = 15.5;
				MTL_ENABLE_DEBUG_INFO = NO;
				MTL_FAST_MATH = YES;
				SDKROOT = iphoneos;
				SWIFT_COMPILATION_MODE = wholemodule;
				SWIFT_OPTIMIZATION_LEVEL = "-O";
				VALIDATE_PRODUCT = YES;
			};
			name = Release;
		};
		957185D02850E0170061644C /* Debug */ = {
			isa = XCBuildConfiguration;
			buildSettings = {
				ASSETCATALOG_COMPILER_APPICON_NAME = AppIcon;
				ASSETCATALOG_COMPILER_GLOBAL_ACCENT_COLOR_NAME = AccentColor;
				CODE_SIGN_STYLE = Automatic;
				CURRENT_PROJECT_VERSION = 1;
				DEVELOPMENT_TEAM = 7D9JZ22K9A;
				GENERATE_INFOPLIST_FILE = YES;
				INFOPLIST_FILE = Algorithms/Info.plist;
				INFOPLIST_KEY_UIApplicationSupportsIndirectInputEvents = YES;
				INFOPLIST_KEY_UILaunchStoryboardName = LaunchScreen;
				INFOPLIST_KEY_UIMainStoryboardFile = Main;
				INFOPLIST_KEY_UISupportedInterfaceOrientations_iPad = "UIInterfaceOrientationPortrait UIInterfaceOrientationPortraitUpsideDown UIInterfaceOrientationLandscapeLeft UIInterfaceOrientationLandscapeRight";
				INFOPLIST_KEY_UISupportedInterfaceOrientations_iPhone = "UIInterfaceOrientationPortrait UIInterfaceOrientationLandscapeLeft UIInterfaceOrientationLandscapeRight";
				IPHONEOS_DEPLOYMENT_TARGET = 13.0;
				LD_RUNPATH_SEARCH_PATHS = (
					"$(inherited)",
					"@executable_path/Frameworks",
				);
				MARKETING_VERSION = 1.0;
				PRODUCT_BUNDLE_IDENTIFIER = jeannchuab.Algorithms;
				PRODUCT_NAME = "$(TARGET_NAME)";
				SWIFT_EMIT_LOC_STRINGS = YES;
				SWIFT_VERSION = 5.0;
				TARGETED_DEVICE_FAMILY = "1,2";
			};
			name = Debug;
		};
		957185D12850E0170061644C /* Release */ = {
			isa = XCBuildConfiguration;
			buildSettings = {
				ASSETCATALOG_COMPILER_APPICON_NAME = AppIcon;
				ASSETCATALOG_COMPILER_GLOBAL_ACCENT_COLOR_NAME = AccentColor;
				CODE_SIGN_STYLE = Automatic;
				CURRENT_PROJECT_VERSION = 1;
				DEVELOPMENT_TEAM = 7D9JZ22K9A;
				GENERATE_INFOPLIST_FILE = YES;
				INFOPLIST_FILE = Algorithms/Info.plist;
				INFOPLIST_KEY_UIApplicationSupportsIndirectInputEvents = YES;
				INFOPLIST_KEY_UILaunchStoryboardName = LaunchScreen;
				INFOPLIST_KEY_UIMainStoryboardFile = Main;
				INFOPLIST_KEY_UISupportedInterfaceOrientations_iPad = "UIInterfaceOrientationPortrait UIInterfaceOrientationPortraitUpsideDown UIInterfaceOrientationLandscapeLeft UIInterfaceOrientationLandscapeRight";
				INFOPLIST_KEY_UISupportedInterfaceOrientations_iPhone = "UIInterfaceOrientationPortrait UIInterfaceOrientationLandscapeLeft UIInterfaceOrientationLandscapeRight";
				IPHONEOS_DEPLOYMENT_TARGET = 13.0;
				LD_RUNPATH_SEARCH_PATHS = (
					"$(inherited)",
					"@executable_path/Frameworks",
				);
				MARKETING_VERSION = 1.0;
				PRODUCT_BUNDLE_IDENTIFIER = jeannchuab.Algorithms;
				PRODUCT_NAME = "$(TARGET_NAME)";
				SWIFT_EMIT_LOC_STRINGS = YES;
				SWIFT_VERSION = 5.0;
				TARGETED_DEVICE_FAMILY = "1,2";
			};
			name = Release;
		};
/* End XCBuildConfiguration section */

/* Begin XCConfigurationList section */
		0FE1DDFF2A536C1D009E59BA /* Build configuration list for PBXNativeTarget "AlgorithmsTests" */ = {
			isa = XCConfigurationList;
			buildConfigurations = (
				0FE1DE002A536C1D009E59BA /* Debug */,
				0FE1DE012A536C1D009E59BA /* Release */,
			);
			defaultConfigurationIsVisible = 0;
			defaultConfigurationName = Release;
		};
		957185B62850E0120061644C /* Build configuration list for PBXProject "Algorithms" */ = {
			isa = XCConfigurationList;
			buildConfigurations = (
				957185CD2850E0170061644C /* Debug */,
				957185CE2850E0170061644C /* Release */,
			);
			defaultConfigurationIsVisible = 0;
			defaultConfigurationName = Release;
		};
		957185CF2850E0170061644C /* Build configuration list for PBXNativeTarget "Algorithms" */ = {
			isa = XCConfigurationList;
			buildConfigurations = (
				957185D02850E0170061644C /* Debug */,
				957185D12850E0170061644C /* Release */,
			);
			defaultConfigurationIsVisible = 0;
			defaultConfigurationName = Release;
		};
/* End XCConfigurationList section */
	};
	rootObject = 957185B32850E0120061644C /* Project object */;
}
